
Microsoft Visual Studio Solution File, Format Version 12.00
# Visual Studio Version 17
VisualStudioVersion = 17.5.002.0
MinimumVisualStudioVersion = 10.0.40219.1
Project("{9A19103F-16F7-4668-BE54-9A1E7A4F7556}") = "logs", "logs.csproj", "{303D6957-F4B4-4039-A14A-14BD17331371}"
EndProject
Global
	GlobalSection(SolutionConfigurationPlatforms) = preSolution
		Debug|Any CPU = Debug|Any CPU
		Release|Any CPU = Release|Any CPU
	EndGlobalSection
	GlobalSection(ProjectConfigurationPlatforms) = postSolution
		{303D6957-F4B4-4039-A14A-14BD17331371}.Debug|Any CPU.ActiveCfg = Debug|Any CPU
		{303D6957-F4B4-4039-A14A-14BD17331371}.Debug|Any CPU.Build.0 = Debug|Any CPU
		{303D6957-F4B4-4039-A14A-14BD17331371}.Release|Any CPU.ActiveCfg = Release|Any CPU
		{303D6957-F4B4-4039-A14A-14BD17331371}.Release|Any CPU.Build.0 = Release|Any CPU
	EndGlobalSection
	GlobalSection(SolutionProperties) = preSolution
		HideSolutionNode = FALSE
	EndGlobalSection
	GlobalSection(ExtensibilityGlobals) = postSolution
		SolutionGuid = {6E23C807-5B51-419A-8A2E-47B8F094EC89}
	EndGlobalSection
EndGlobal
